
Microsoft Visual Studio Solution File, Format Version 12.00
# Visual Studio 14
VisualStudioVersion = 14.0.23107.0
MinimumVisualStudioVersion = 10.0.40219.1
Project("{FAE04EC0-301F-11D3-BF4B-00C04F79EFBC}") = "FlashDevelop", "FlashDevelop\FlashDevelop.csproj", "{EFD07485-9A64-4EEC-94E7-ACBD4DA5CA93}"
	ProjectSection(ProjectDependencies) = postProject
		{61885F70-B4DC-4B44-852D-5D6D03F2A734} = {61885F70-B4DC-4B44-852D-5D6D03F2A734}
	EndProjectSection
EndProject
Project("{FAE04EC0-301F-11D3-BF4B-00C04F79EFBC}") = "PluginCore", "PluginCore\PluginCore.csproj", "{61885F70-B4DC-4B44-852D-5D6D03F2A734}"
EndProject
Project("{FAE04EC0-301F-11D3-BF4B-00C04F79EFBC}") = "FileExplorer", "External\Plugins\FileExplorer\FileExplorer.csproj", "{C1AEDDBD-7D3C-4C09-9C88-1644D796FD9A}"
EndProject
Project("{FAE04EC0-301F-11D3-BF4B-00C04F79EFBC}") = "FlashConnect", "External\Plugins\FlashConnect\FlashConnect.csproj", "{D6AAF434-F4DF-4376-863D-109A8762CECA}"
EndProject
Project("{FAE04EC0-301F-11D3-BF4B-00C04F79EFBC}") = "FlashViewer", "External\Plugins\FlashViewer\FlashViewer.csproj", "{3E8B5548-D3AB-44CD-8C1D-D828540D49C9}"
EndProject
Project("{FAE04EC0-301F-11D3-BF4B-00C04F79EFBC}") = "OutputPanel", "External\Plugins\OutputPanel\OutputPanel.csproj", "{EF8EE44C-62B2-4744-85CB-278E1F37D418}"
EndProject
Project("{FAE04EC0-301F-11D3-BF4B-00C04F79EFBC}") = "ResultsPanel", "External\Plugins\ResultsPanel\ResultsPanel.csproj", "{8B33C830-34CF-42E5-AF2F-E8D9A4AF49D1}"
EndProject
Project("{FAE04EC0-301F-11D3-BF4B-00C04F79EFBC}") = "XMLCompletion", "External\Plugins\XMLCompletion\XMLCompletion.csproj", "{556F43A0-C288-471A-8CD8-A787FC7ACA34}"
EndProject
Project("{FAE04EC0-301F-11D3-BF4B-00C04F79EFBC}") = "ASCompletion", "External\Plugins\ASCompletion\ASCompletion.csproj", "{4EBF2653-9654-4E40-880E-0046B3D6210E}"
EndProject
Project("{FAE04EC0-301F-11D3-BF4B-00C04F79EFBC}") = "AS2Context", "External\Plugins\AS2Context\AS2Context.csproj", "{74AD0487-CEF9-43FE-9283-BC6F79539ADE}"
EndProject
Project("{FAE04EC0-301F-11D3-BF4B-00C04F79EFBC}") = "ProjectManager", "External\Plugins\ProjectManager\ProjectManager.csproj", "{78101C01-E186-4954-B1DD-DEBB7905FAD8}"
	ProjectSection(ProjectDependencies) = postProject
		{61885F70-B4DC-4B44-852D-5D6D03F2A734} = {61885F70-B4DC-4B44-852D-5D6D03F2A734}
	EndProjectSection
EndProject
Project("{FAE04EC0-301F-11D3-BF4B-00C04F79EFBC}") = "LayoutManager", "External\Plugins\LayoutManager\LayoutManager.csproj", "{BD6AFBEA-DB64-432A-80F7-4672A7FF283E}"
EndProject
Project("{FAE04EC0-301F-11D3-BF4B-00C04F79EFBC}") = "DataEncoder", "External\Plugins\DataEncoder\DataEncoder.csproj", "{285FADFC-E221-4575-B9DD-42E452B4381F}"
EndProject
Project("{FAE04EC0-301F-11D3-BF4B-00C04F79EFBC}") = "AS3Context", "External\Plugins\AS3Context\AS3Context.csproj", "{0263E5F6-D5B2-4118-B12E-87F9A74DE8AF}"
	ProjectSection(ProjectDependencies) = postProject
		{61885F70-B4DC-4B44-852D-5D6D03F2A734} = {61885F70-B4DC-4B44-852D-5D6D03F2A734}
	EndProjectSection
EndProject
Project("{FAE04EC0-301F-11D3-BF4B-00C04F79EFBC}") = "HaXeContext", "External\Plugins\HaXeContext\HaXeContext.csproj", "{5B4E9515-994A-4DA7-9916-CDA8FD874701}"
EndProject
Project("{FAE04EC0-301F-11D3-BF4B-00C04F79EFBC}") = "StartPage", "External\Plugins\StartPage\StartPage.csproj", "{DCEEBF26-BB93-45EE-8B00-32927A687761}"
EndProject
Project("{FAE04EC0-301F-11D3-BF4B-00C04F79EFBC}") = "TaskListPanel", "External\Plugins\TaskListPanel\TaskListPanel.csproj", "{40FEAC2B-A68A-498E-AD78-52A8268EFA45}"
EndProject
Project("{FAE04EC0-301F-11D3-BF4B-00C04F79EFBC}") = "BookmarkPanel", "External\Plugins\BookmarkPanel\BookmarkPanel.csproj", "{FDF347DB-0577-43DD-A819-16C7F30B49A7}"
EndProject
Project("{FAE04EC0-301F-11D3-BF4B-00C04F79EFBC}") = "FlashLogViewer", "External\Plugins\FlashLogViewer\FlashLogViewer.csproj", "{21912919-338F-431D-945B-F3C104A96B8E}"
EndProject
Project("{FAE04EC0-301F-11D3-BF4B-00C04F79EFBC}") = "MacroManager", "External\Plugins\MacroManager\MacroManager.csproj", "{E462A275-2DAF-411C-95ED-C6A35FEC29D8}"
EndProject
Project("{FAE04EC0-301F-11D3-BF4B-00C04F79EFBC}") = "ASClassWizard", "External\Plugins\ASClassWizard\ASClassWizard.csproj", "{A2C159C1-7D21-4483-AEB1-38D9FDC4C7F3}"
EndProject
Project("{FAE04EC0-301F-11D3-BF4B-00C04F79EFBC}") = "CodeRefactor", "External\Plugins\CodeRefactor\CodeRefactor.csproj", "{1F6DF858-6011-4CAC-B33E-7000EE90FFBE}"
EndProject
Project("{FAE04EC0-301F-11D3-BF4B-00C04F79EFBC}") = "CodeAnalyzer", "External\Plugins\CodeAnalyzer\CodeAnalyzer.csproj", "{E4504497-89BF-4ED5-A0CC-6F02E96C2652}"
EndProject
Project("{FAE04EC0-301F-11D3-BF4B-00C04F79EFBC}") = "SourceControl", "External\Plugins\SourceControl\SourceControl.csproj", "{CDB62A9F-0887-43AE-815D-4593A8E35E44}"
EndProject
Project("{FAE04EC0-301F-11D3-BF4B-00C04F79EFBC}") = "AirProperties", "External\Plugins\AirProperties\AirProperties.csproj", "{F2CED639-1DA7-489D-9DBB-909F7B590C3D}"
EndProject
Project("{FAE04EC0-301F-11D3-BF4B-00C04F79EFBC}") = "CodeFormatter", "External\Plugins\CodeFormatter\CodeFormatter.csproj", "{B97FEDD3-8F61-4006-ACCD-AD735069B0CA}"
EndProject
Project("{FAE04EC0-301F-11D3-BF4B-00C04F79EFBC}") = "BridgeSettings", "External\Plugins\BridgeSettings\BridgeSettings.csproj", "{3074D447-A469-4CA2-A7E5-FE53DB45CB11}"
EndProject
Project("{FAE04EC0-301F-11D3-BF4B-00C04F79EFBC}") = "PHPContext", "External\Plugins\PHPContext\PHPContext.csproj", "{2F93393B-9629-470E-B7B8-0D8CFA25315A}"
EndProject
Project("{FAE04EC0-301F-11D3-BF4B-00C04F79EFBC}") = "FlashDebugger", "External\Plugins\FlashDebugger\FlashDebugger.csproj", "{194B58C9-9D2B-4D5E-9256-773FD3222582}"
EndProject
Project("{FAE04EC0-301F-11D3-BF4B-00C04F79EFBC}") = "BasicCompletion", "External\Plugins\BasicCompletion\BasicCompletion.csproj", "{DC936D9F-7ED7-4D2B-9A03-881C86E2F6C8}"
EndProject
Project("{FAE04EC0-301F-11D3-BF4B-00C04F79EFBC}") = "CssCompletion", "External\Plugins\CssCompletion\CssCompletion.csproj", "{DCA7613E-7BC3-4610-A95E-73C0D64C5B98}"
EndProject
Project("{FAE04EC0-301F-11D3-BF4B-00C04F79EFBC}") = "FDBuild", "External\Tools\FDBuild\FDBuild.csproj", "{FF680DE0-9CB7-45F4-BAFA-6EFFAAFD9C09}"
	ProjectSection(ProjectDependencies) = postProject
		{61885F70-B4DC-4B44-852D-5D6D03F2A734} = {61885F70-B4DC-4B44-852D-5D6D03F2A734}
	EndProjectSection
EndProject
Project("{FAE04EC0-301F-11D3-BF4B-00C04F79EFBC}") = "ASCompletion.Tests", "Tests\External\Plugins\ASCompletion.Tests\ASCompletion.Tests.csproj", "{ABC71D26-295C-4C6C-B6DE-320AD49EEF79}"
EndProject
Project("{FAE04EC0-301F-11D3-BF4B-00C04F79EFBC}") = "CodeRefactor.Tests", "Tests\External\Plugins\CodeRefactor.Tests\CodeRefactor.Tests.csproj", "{19C1FEE5-CEC3-442B-99B2-3F3FC955CAB4}"
EndProject
Global
	GlobalSection(SolutionConfigurationPlatforms) = preSolution
		Debug|Any CPU = Debug|Any CPU
		Debug|x86 = Debug|x86
		Release|Any CPU = Release|Any CPU
		Release|x86 = Release|x86
	EndGlobalSection
	GlobalSection(ProjectConfigurationPlatforms) = postSolution
		{EFD07485-9A64-4EEC-94E7-ACBD4DA5CA93}.Debug|Any CPU.ActiveCfg = Debug|Any CPU
		{EFD07485-9A64-4EEC-94E7-ACBD4DA5CA93}.Debug|Any CPU.Build.0 = Debug|Any CPU
		{EFD07485-9A64-4EEC-94E7-ACBD4DA5CA93}.Debug|x86.ActiveCfg = Debug|x86
		{EFD07485-9A64-4EEC-94E7-ACBD4DA5CA93}.Debug|x86.Build.0 = Debug|x86
		{EFD07485-9A64-4EEC-94E7-ACBD4DA5CA93}.Release|Any CPU.ActiveCfg = Release|Any CPU
		{EFD07485-9A64-4EEC-94E7-ACBD4DA5CA93}.Release|Any CPU.Build.0 = Release|Any CPU
		{EFD07485-9A64-4EEC-94E7-ACBD4DA5CA93}.Release|x86.ActiveCfg = Release|x86
		{EFD07485-9A64-4EEC-94E7-ACBD4DA5CA93}.Release|x86.Build.0 = Release|x86
		{61885F70-B4DC-4B44-852D-5D6D03F2A734}.Debug|Any CPU.ActiveCfg = Debug|Any CPU
		{61885F70-B4DC-4B44-852D-5D6D03F2A734}.Debug|Any CPU.Build.0 = Debug|Any CPU
		{61885F70-B4DC-4B44-852D-5D6D03F2A734}.Debug|x86.ActiveCfg = Debug|Any CPU
		{61885F70-B4DC-4B44-852D-5D6D03F2A734}.Debug|x86.Build.0 = Debug|Any CPU
		{61885F70-B4DC-4B44-852D-5D6D03F2A734}.Release|Any CPU.ActiveCfg = Release|Any CPU
		{61885F70-B4DC-4B44-852D-5D6D03F2A734}.Release|Any CPU.Build.0 = Release|Any CPU
		{61885F70-B4DC-4B44-852D-5D6D03F2A734}.Release|x86.ActiveCfg = Release|Any CPU
		{61885F70-B4DC-4B44-852D-5D6D03F2A734}.Release|x86.Build.0 = Release|Any CPU
		{C1AEDDBD-7D3C-4C09-9C88-1644D796FD9A}.Debug|Any CPU.ActiveCfg = Debug|Any CPU
		{C1AEDDBD-7D3C-4C09-9C88-1644D796FD9A}.Debug|Any CPU.Build.0 = Debug|Any CPU
		{C1AEDDBD-7D3C-4C09-9C88-1644D796FD9A}.Debug|x86.ActiveCfg = Debug|Any CPU
		{C1AEDDBD-7D3C-4C09-9C88-1644D796FD9A}.Debug|x86.Build.0 = Debug|Any CPU
		{C1AEDDBD-7D3C-4C09-9C88-1644D796FD9A}.Release|Any CPU.ActiveCfg = Release|Any CPU
		{C1AEDDBD-7D3C-4C09-9C88-1644D796FD9A}.Release|Any CPU.Build.0 = Release|Any CPU
		{C1AEDDBD-7D3C-4C09-9C88-1644D796FD9A}.Release|x86.ActiveCfg = Release|Any CPU
		{C1AEDDBD-7D3C-4C09-9C88-1644D796FD9A}.Release|x86.Build.0 = Release|Any CPU
		{D6AAF434-F4DF-4376-863D-109A8762CECA}.Debug|Any CPU.ActiveCfg = Debug|Any CPU
		{D6AAF434-F4DF-4376-863D-109A8762CECA}.Debug|Any CPU.Build.0 = Debug|Any CPU
		{D6AAF434-F4DF-4376-863D-109A8762CECA}.Debug|x86.ActiveCfg = Debug|Any CPU
		{D6AAF434-F4DF-4376-863D-109A8762CECA}.Debug|x86.Build.0 = Debug|Any CPU
		{D6AAF434-F4DF-4376-863D-109A8762CECA}.Release|Any CPU.ActiveCfg = Release|Any CPU
		{D6AAF434-F4DF-4376-863D-109A8762CECA}.Release|Any CPU.Build.0 = Release|Any CPU
		{D6AAF434-F4DF-4376-863D-109A8762CECA}.Release|x86.ActiveCfg = Release|Any CPU
		{D6AAF434-F4DF-4376-863D-109A8762CECA}.Release|x86.Build.0 = Release|Any CPU
		{3E8B5548-D3AB-44CD-8C1D-D828540D49C9}.Debug|Any CPU.ActiveCfg = Debug|Any CPU
		{3E8B5548-D3AB-44CD-8C1D-D828540D49C9}.Debug|Any CPU.Build.0 = Debug|Any CPU
		{3E8B5548-D3AB-44CD-8C1D-D828540D49C9}.Debug|x86.ActiveCfg = Debug|Any CPU
		{3E8B5548-D3AB-44CD-8C1D-D828540D49C9}.Debug|x86.Build.0 = Debug|Any CPU
		{3E8B5548-D3AB-44CD-8C1D-D828540D49C9}.Release|Any CPU.ActiveCfg = Release|Any CPU
		{3E8B5548-D3AB-44CD-8C1D-D828540D49C9}.Release|Any CPU.Build.0 = Release|Any CPU
		{3E8B5548-D3AB-44CD-8C1D-D828540D49C9}.Release|x86.ActiveCfg = Release|Any CPU
		{3E8B5548-D3AB-44CD-8C1D-D828540D49C9}.Release|x86.Build.0 = Release|Any CPU
		{EF8EE44C-62B2-4744-85CB-278E1F37D418}.Debug|Any CPU.ActiveCfg = Debug|Any CPU
		{EF8EE44C-62B2-4744-85CB-278E1F37D418}.Debug|Any CPU.Build.0 = Debug|Any CPU
		{EF8EE44C-62B2-4744-85CB-278E1F37D418}.Debug|x86.ActiveCfg = Debug|Any CPU
		{EF8EE44C-62B2-4744-85CB-278E1F37D418}.Debug|x86.Build.0 = Debug|Any CPU
		{EF8EE44C-62B2-4744-85CB-278E1F37D418}.Release|Any CPU.ActiveCfg = Release|Any CPU
		{EF8EE44C-62B2-4744-85CB-278E1F37D418}.Release|Any CPU.Build.0 = Release|Any CPU
		{EF8EE44C-62B2-4744-85CB-278E1F37D418}.Release|x86.ActiveCfg = Release|Any CPU
		{EF8EE44C-62B2-4744-85CB-278E1F37D418}.Release|x86.Build.0 = Release|Any CPU
		{8B33C830-34CF-42E5-AF2F-E8D9A4AF49D1}.Debug|Any CPU.ActiveCfg = Debug|Any CPU
		{8B33C830-34CF-42E5-AF2F-E8D9A4AF49D1}.Debug|Any CPU.Build.0 = Debug|Any CPU
		{8B33C830-34CF-42E5-AF2F-E8D9A4AF49D1}.Debug|x86.ActiveCfg = Debug|Any CPU
		{8B33C830-34CF-42E5-AF2F-E8D9A4AF49D1}.Debug|x86.Build.0 = Debug|Any CPU
		{8B33C830-34CF-42E5-AF2F-E8D9A4AF49D1}.Release|Any CPU.ActiveCfg = Release|Any CPU
		{8B33C830-34CF-42E5-AF2F-E8D9A4AF49D1}.Release|Any CPU.Build.0 = Release|Any CPU
		{8B33C830-34CF-42E5-AF2F-E8D9A4AF49D1}.Release|x86.ActiveCfg = Release|Any CPU
		{8B33C830-34CF-42E5-AF2F-E8D9A4AF49D1}.Release|x86.Build.0 = Release|Any CPU
		{556F43A0-C288-471A-8CD8-A787FC7ACA34}.Debug|Any CPU.ActiveCfg = Debug|Any CPU
		{556F43A0-C288-471A-8CD8-A787FC7ACA34}.Debug|Any CPU.Build.0 = Debug|Any CPU
		{556F43A0-C288-471A-8CD8-A787FC7ACA34}.Debug|x86.ActiveCfg = Debug|Any CPU
		{556F43A0-C288-471A-8CD8-A787FC7ACA34}.Debug|x86.Build.0 = Debug|Any CPU
		{556F43A0-C288-471A-8CD8-A787FC7ACA34}.Release|Any CPU.ActiveCfg = Release|Any CPU
		{556F43A0-C288-471A-8CD8-A787FC7ACA34}.Release|Any CPU.Build.0 = Release|Any CPU
		{556F43A0-C288-471A-8CD8-A787FC7ACA34}.Release|x86.ActiveCfg = Release|Any CPU
		{556F43A0-C288-471A-8CD8-A787FC7ACA34}.Release|x86.Build.0 = Release|Any CPU
		{4EBF2653-9654-4E40-880E-0046B3D6210E}.Debug|Any CPU.ActiveCfg = Debug|Any CPU
		{4EBF2653-9654-4E40-880E-0046B3D6210E}.Debug|Any CPU.Build.0 = Debug|Any CPU
		{4EBF2653-9654-4E40-880E-0046B3D6210E}.Debug|x86.ActiveCfg = Debug|Any CPU
		{4EBF2653-9654-4E40-880E-0046B3D6210E}.Debug|x86.Build.0 = Debug|Any CPU
		{4EBF2653-9654-4E40-880E-0046B3D6210E}.Release|Any CPU.ActiveCfg = Release|Any CPU
		{4EBF2653-9654-4E40-880E-0046B3D6210E}.Release|Any CPU.Build.0 = Release|Any CPU
		{4EBF2653-9654-4E40-880E-0046B3D6210E}.Release|x86.ActiveCfg = Release|Any CPU
		{4EBF2653-9654-4E40-880E-0046B3D6210E}.Release|x86.Build.0 = Release|Any CPU
		{74AD0487-CEF9-43FE-9283-BC6F79539ADE}.Debug|Any CPU.ActiveCfg = Debug|Any CPU
		{74AD0487-CEF9-43FE-9283-BC6F79539ADE}.Debug|Any CPU.Build.0 = Debug|Any CPU
		{74AD0487-CEF9-43FE-9283-BC6F79539ADE}.Debug|x86.ActiveCfg = Debug|Any CPU
		{74AD0487-CEF9-43FE-9283-BC6F79539ADE}.Debug|x86.Build.0 = Debug|Any CPU
		{74AD0487-CEF9-43FE-9283-BC6F79539ADE}.Release|Any CPU.ActiveCfg = Release|Any CPU
		{74AD0487-CEF9-43FE-9283-BC6F79539ADE}.Release|Any CPU.Build.0 = Release|Any CPU
		{74AD0487-CEF9-43FE-9283-BC6F79539ADE}.Release|x86.ActiveCfg = Release|Any CPU
		{74AD0487-CEF9-43FE-9283-BC6F79539ADE}.Release|x86.Build.0 = Release|Any CPU
		{78101C01-E186-4954-B1DD-DEBB7905FAD8}.Debug|Any CPU.ActiveCfg = Debug|Any CPU
		{78101C01-E186-4954-B1DD-DEBB7905FAD8}.Debug|Any CPU.Build.0 = Debug|Any CPU
		{78101C01-E186-4954-B1DD-DEBB7905FAD8}.Debug|x86.ActiveCfg = Debug|Any CPU
		{78101C01-E186-4954-B1DD-DEBB7905FAD8}.Debug|x86.Build.0 = Debug|Any CPU
		{78101C01-E186-4954-B1DD-DEBB7905FAD8}.Release|Any CPU.ActiveCfg = Release|Any CPU
		{78101C01-E186-4954-B1DD-DEBB7905FAD8}.Release|Any CPU.Build.0 = Release|Any CPU
		{78101C01-E186-4954-B1DD-DEBB7905FAD8}.Release|x86.ActiveCfg = Release|Any CPU
		{78101C01-E186-4954-B1DD-DEBB7905FAD8}.Release|x86.Build.0 = Release|Any CPU
		{BD6AFBEA-DB64-432A-80F7-4672A7FF283E}.Debug|Any CPU.ActiveCfg = Debug|Any CPU
		{BD6AFBEA-DB64-432A-80F7-4672A7FF283E}.Debug|Any CPU.Build.0 = Debug|Any CPU
		{BD6AFBEA-DB64-432A-80F7-4672A7FF283E}.Debug|x86.ActiveCfg = Debug|Any CPU
		{BD6AFBEA-DB64-432A-80F7-4672A7FF283E}.Debug|x86.Build.0 = Debug|Any CPU
		{BD6AFBEA-DB64-432A-80F7-4672A7FF283E}.Release|Any CPU.ActiveCfg = Release|Any CPU
		{BD6AFBEA-DB64-432A-80F7-4672A7FF283E}.Release|Any CPU.Build.0 = Release|Any CPU
		{BD6AFBEA-DB64-432A-80F7-4672A7FF283E}.Release|x86.ActiveCfg = Release|Any CPU
		{BD6AFBEA-DB64-432A-80F7-4672A7FF283E}.Release|x86.Build.0 = Release|Any CPU
		{285FADFC-E221-4575-B9DD-42E452B4381F}.Debug|Any CPU.ActiveCfg = Debug|Any CPU
		{285FADFC-E221-4575-B9DD-42E452B4381F}.Debug|Any CPU.Build.0 = Debug|Any CPU
		{285FADFC-E221-4575-B9DD-42E452B4381F}.Debug|x86.ActiveCfg = Debug|Any CPU
		{285FADFC-E221-4575-B9DD-42E452B4381F}.Debug|x86.Build.0 = Debug|Any CPU
		{285FADFC-E221-4575-B9DD-42E452B4381F}.Release|Any CPU.ActiveCfg = Release|Any CPU
		{285FADFC-E221-4575-B9DD-42E452B4381F}.Release|Any CPU.Build.0 = Release|Any CPU
		{285FADFC-E221-4575-B9DD-42E452B4381F}.Release|x86.ActiveCfg = Release|Any CPU
		{285FADFC-E221-4575-B9DD-42E452B4381F}.Release|x86.Build.0 = Release|Any CPU
		{0263E5F6-D5B2-4118-B12E-87F9A74DE8AF}.Debug|Any CPU.ActiveCfg = Debug|Any CPU
		{0263E5F6-D5B2-4118-B12E-87F9A74DE8AF}.Debug|Any CPU.Build.0 = Debug|Any CPU
		{0263E5F6-D5B2-4118-B12E-87F9A74DE8AF}.Debug|x86.ActiveCfg = Debug|Any CPU
		{0263E5F6-D5B2-4118-B12E-87F9A74DE8AF}.Debug|x86.Build.0 = Debug|Any CPU
		{0263E5F6-D5B2-4118-B12E-87F9A74DE8AF}.Release|Any CPU.ActiveCfg = Release|Any CPU
		{0263E5F6-D5B2-4118-B12E-87F9A74DE8AF}.Release|Any CPU.Build.0 = Release|Any CPU
		{0263E5F6-D5B2-4118-B12E-87F9A74DE8AF}.Release|x86.ActiveCfg = Release|Any CPU
		{0263E5F6-D5B2-4118-B12E-87F9A74DE8AF}.Release|x86.Build.0 = Release|Any CPU
		{5B4E9515-994A-4DA7-9916-CDA8FD874701}.Debug|Any CPU.ActiveCfg = Debug|Any CPU
		{5B4E9515-994A-4DA7-9916-CDA8FD874701}.Debug|Any CPU.Build.0 = Debug|Any CPU
		{5B4E9515-994A-4DA7-9916-CDA8FD874701}.Debug|x86.ActiveCfg = Debug|Any CPU
		{5B4E9515-994A-4DA7-9916-CDA8FD874701}.Debug|x86.Build.0 = Debug|Any CPU
		{5B4E9515-994A-4DA7-9916-CDA8FD874701}.Release|Any CPU.ActiveCfg = Release|Any CPU
		{5B4E9515-994A-4DA7-9916-CDA8FD874701}.Release|Any CPU.Build.0 = Release|Any CPU
		{5B4E9515-994A-4DA7-9916-CDA8FD874701}.Release|x86.ActiveCfg = Release|Any CPU
		{5B4E9515-994A-4DA7-9916-CDA8FD874701}.Release|x86.Build.0 = Release|Any CPU
		{DCEEBF26-BB93-45EE-8B00-32927A687761}.Debug|Any CPU.ActiveCfg = Debug|Any CPU
		{DCEEBF26-BB93-45EE-8B00-32927A687761}.Debug|Any CPU.Build.0 = Debug|Any CPU
		{DCEEBF26-BB93-45EE-8B00-32927A687761}.Debug|x86.ActiveCfg = Debug|Any CPU
		{DCEEBF26-BB93-45EE-8B00-32927A687761}.Debug|x86.Build.0 = Debug|Any CPU
		{DCEEBF26-BB93-45EE-8B00-32927A687761}.Release|Any CPU.ActiveCfg = Release|Any CPU
		{DCEEBF26-BB93-45EE-8B00-32927A687761}.Release|Any CPU.Build.0 = Release|Any CPU
		{DCEEBF26-BB93-45EE-8B00-32927A687761}.Release|x86.ActiveCfg = Release|Any CPU
		{DCEEBF26-BB93-45EE-8B00-32927A687761}.Release|x86.Build.0 = Release|Any CPU
		{40FEAC2B-A68A-498E-AD78-52A8268EFA45}.Debug|Any CPU.ActiveCfg = Debug|Any CPU
		{40FEAC2B-A68A-498E-AD78-52A8268EFA45}.Debug|Any CPU.Build.0 = Debug|Any CPU
		{40FEAC2B-A68A-498E-AD78-52A8268EFA45}.Debug|x86.ActiveCfg = Debug|Any CPU
		{40FEAC2B-A68A-498E-AD78-52A8268EFA45}.Debug|x86.Build.0 = Debug|Any CPU
		{40FEAC2B-A68A-498E-AD78-52A8268EFA45}.Release|Any CPU.ActiveCfg = Release|Any CPU
		{40FEAC2B-A68A-498E-AD78-52A8268EFA45}.Release|Any CPU.Build.0 = Release|Any CPU
		{40FEAC2B-A68A-498E-AD78-52A8268EFA45}.Release|x86.ActiveCfg = Release|Any CPU
		{40FEAC2B-A68A-498E-AD78-52A8268EFA45}.Release|x86.Build.0 = Release|Any CPU
		{FDF347DB-0577-43DD-A819-16C7F30B49A7}.Debug|Any CPU.ActiveCfg = Debug|Any CPU
		{FDF347DB-0577-43DD-A819-16C7F30B49A7}.Debug|Any CPU.Build.0 = Debug|Any CPU
		{FDF347DB-0577-43DD-A819-16C7F30B49A7}.Debug|x86.ActiveCfg = Debug|Any CPU
		{FDF347DB-0577-43DD-A819-16C7F30B49A7}.Debug|x86.Build.0 = Debug|Any CPU
		{FDF347DB-0577-43DD-A819-16C7F30B49A7}.Release|Any CPU.ActiveCfg = Release|Any CPU
		{FDF347DB-0577-43DD-A819-16C7F30B49A7}.Release|Any CPU.Build.0 = Release|Any CPU
		{FDF347DB-0577-43DD-A819-16C7F30B49A7}.Release|x86.ActiveCfg = Release|Any CPU
		{FDF347DB-0577-43DD-A819-16C7F30B49A7}.Release|x86.Build.0 = Release|Any CPU
		{21912919-338F-431D-945B-F3C104A96B8E}.Debug|Any CPU.ActiveCfg = Debug|Any CPU
		{21912919-338F-431D-945B-F3C104A96B8E}.Debug|Any CPU.Build.0 = Debug|Any CPU
		{21912919-338F-431D-945B-F3C104A96B8E}.Debug|x86.ActiveCfg = Debug|Any CPU
		{21912919-338F-431D-945B-F3C104A96B8E}.Debug|x86.Build.0 = Debug|Any CPU
		{21912919-338F-431D-945B-F3C104A96B8E}.Release|Any CPU.ActiveCfg = Release|Any CPU
		{21912919-338F-431D-945B-F3C104A96B8E}.Release|Any CPU.Build.0 = Release|Any CPU
		{21912919-338F-431D-945B-F3C104A96B8E}.Release|x86.ActiveCfg = Release|Any CPU
		{21912919-338F-431D-945B-F3C104A96B8E}.Release|x86.Build.0 = Release|Any CPU
		{E462A275-2DAF-411C-95ED-C6A35FEC29D8}.Debug|Any CPU.ActiveCfg = Debug|Any CPU
		{E462A275-2DAF-411C-95ED-C6A35FEC29D8}.Debug|Any CPU.Build.0 = Debug|Any CPU
		{E462A275-2DAF-411C-95ED-C6A35FEC29D8}.Debug|x86.ActiveCfg = Debug|Any CPU
		{E462A275-2DAF-411C-95ED-C6A35FEC29D8}.Debug|x86.Build.0 = Debug|Any CPU
		{E462A275-2DAF-411C-95ED-C6A35FEC29D8}.Release|Any CPU.ActiveCfg = Release|Any CPU
		{E462A275-2DAF-411C-95ED-C6A35FEC29D8}.Release|Any CPU.Build.0 = Release|Any CPU
		{E462A275-2DAF-411C-95ED-C6A35FEC29D8}.Release|x86.ActiveCfg = Release|Any CPU
		{E462A275-2DAF-411C-95ED-C6A35FEC29D8}.Release|x86.Build.0 = Release|Any CPU
		{A2C159C1-7D21-4483-AEB1-38D9FDC4C7F3}.Debug|Any CPU.ActiveCfg = Debug|Any CPU
		{A2C159C1-7D21-4483-AEB1-38D9FDC4C7F3}.Debug|Any CPU.Build.0 = Debug|Any CPU
		{A2C159C1-7D21-4483-AEB1-38D9FDC4C7F3}.Debug|x86.ActiveCfg = Debug|Any CPU
		{A2C159C1-7D21-4483-AEB1-38D9FDC4C7F3}.Debug|x86.Build.0 = Debug|Any CPU
		{A2C159C1-7D21-4483-AEB1-38D9FDC4C7F3}.Release|Any CPU.ActiveCfg = Release|Any CPU
		{A2C159C1-7D21-4483-AEB1-38D9FDC4C7F3}.Release|Any CPU.Build.0 = Release|Any CPU
		{A2C159C1-7D21-4483-AEB1-38D9FDC4C7F3}.Release|x86.ActiveCfg = Release|Any CPU
		{A2C159C1-7D21-4483-AEB1-38D9FDC4C7F3}.Release|x86.Build.0 = Release|Any CPU
		{1F6DF858-6011-4CAC-B33E-7000EE90FFBE}.Debug|Any CPU.ActiveCfg = Debug|Any CPU
		{1F6DF858-6011-4CAC-B33E-7000EE90FFBE}.Debug|Any CPU.Build.0 = Debug|Any CPU
		{1F6DF858-6011-4CAC-B33E-7000EE90FFBE}.Debug|x86.ActiveCfg = Debug|Any CPU
		{1F6DF858-6011-4CAC-B33E-7000EE90FFBE}.Debug|x86.Build.0 = Debug|Any CPU
		{1F6DF858-6011-4CAC-B33E-7000EE90FFBE}.Release|Any CPU.ActiveCfg = Release|Any CPU
		{1F6DF858-6011-4CAC-B33E-7000EE90FFBE}.Release|Any CPU.Build.0 = Release|Any CPU
		{1F6DF858-6011-4CAC-B33E-7000EE90FFBE}.Release|x86.ActiveCfg = Release|Any CPU
		{1F6DF858-6011-4CAC-B33E-7000EE90FFBE}.Release|x86.Build.0 = Release|Any CPU
		{E4504497-89BF-4ED5-A0CC-6F02E96C2652}.Debug|Any CPU.ActiveCfg = Debug|Any CPU
		{E4504497-89BF-4ED5-A0CC-6F02E96C2652}.Debug|Any CPU.Build.0 = Debug|Any CPU
		{E4504497-89BF-4ED5-A0CC-6F02E96C2652}.Debug|x86.ActiveCfg = Debug|Any CPU
		{E4504497-89BF-4ED5-A0CC-6F02E96C2652}.Debug|x86.Build.0 = Debug|Any CPU
		{E4504497-89BF-4ED5-A0CC-6F02E96C2652}.Release|Any CPU.ActiveCfg = Release|Any CPU
		{E4504497-89BF-4ED5-A0CC-6F02E96C2652}.Release|Any CPU.Build.0 = Release|Any CPU
		{E4504497-89BF-4ED5-A0CC-6F02E96C2652}.Release|x86.ActiveCfg = Release|Any CPU
		{E4504497-89BF-4ED5-A0CC-6F02E96C2652}.Release|x86.Build.0 = Release|Any CPU
		{CDB62A9F-0887-43AE-815D-4593A8E35E44}.Debug|Any CPU.ActiveCfg = Debug|Any CPU
		{CDB62A9F-0887-43AE-815D-4593A8E35E44}.Debug|Any CPU.Build.0 = Debug|Any CPU
		{CDB62A9F-0887-43AE-815D-4593A8E35E44}.Debug|x86.ActiveCfg = Debug|Any CPU
		{CDB62A9F-0887-43AE-815D-4593A8E35E44}.Debug|x86.Build.0 = Debug|Any CPU
		{CDB62A9F-0887-43AE-815D-4593A8E35E44}.Release|Any CPU.ActiveCfg = Release|Any CPU
		{CDB62A9F-0887-43AE-815D-4593A8E35E44}.Release|Any CPU.Build.0 = Release|Any CPU
		{CDB62A9F-0887-43AE-815D-4593A8E35E44}.Release|x86.ActiveCfg = Release|Any CPU
		{CDB62A9F-0887-43AE-815D-4593A8E35E44}.Release|x86.Build.0 = Release|Any CPU
		{F2CED639-1DA7-489D-9DBB-909F7B590C3D}.Debug|Any CPU.ActiveCfg = Debug|Any CPU
		{F2CED639-1DA7-489D-9DBB-909F7B590C3D}.Debug|Any CPU.Build.0 = Debug|Any CPU
		{F2CED639-1DA7-489D-9DBB-909F7B590C3D}.Debug|x86.ActiveCfg = Debug|Any CPU
		{F2CED639-1DA7-489D-9DBB-909F7B590C3D}.Debug|x86.Build.0 = Debug|Any CPU
		{F2CED639-1DA7-489D-9DBB-909F7B590C3D}.Release|Any CPU.ActiveCfg = Release|Any CPU
		{F2CED639-1DA7-489D-9DBB-909F7B590C3D}.Release|Any CPU.Build.0 = Release|Any CPU
		{F2CED639-1DA7-489D-9DBB-909F7B590C3D}.Release|x86.ActiveCfg = Release|Any CPU
		{F2CED639-1DA7-489D-9DBB-909F7B590C3D}.Release|x86.Build.0 = Release|Any CPU
		{B97FEDD3-8F61-4006-ACCD-AD735069B0CA}.Debug|Any CPU.ActiveCfg = Debug|Any CPU
		{B97FEDD3-8F61-4006-ACCD-AD735069B0CA}.Debug|Any CPU.Build.0 = Debug|Any CPU
		{B97FEDD3-8F61-4006-ACCD-AD735069B0CA}.Debug|x86.ActiveCfg = Debug|Any CPU
		{B97FEDD3-8F61-4006-ACCD-AD735069B0CA}.Debug|x86.Build.0 = Debug|Any CPU
		{B97FEDD3-8F61-4006-ACCD-AD735069B0CA}.Release|Any CPU.ActiveCfg = Release|Any CPU
		{B97FEDD3-8F61-4006-ACCD-AD735069B0CA}.Release|Any CPU.Build.0 = Release|Any CPU
		{B97FEDD3-8F61-4006-ACCD-AD735069B0CA}.Release|x86.ActiveCfg = Release|Any CPU
		{B97FEDD3-8F61-4006-ACCD-AD735069B0CA}.Release|x86.Build.0 = Release|Any CPU
		{3074D447-A469-4CA2-A7E5-FE53DB45CB11}.Debug|Any CPU.ActiveCfg = Debug|Any CPU
		{3074D447-A469-4CA2-A7E5-FE53DB45CB11}.Debug|Any CPU.Build.0 = Debug|Any CPU
		{3074D447-A469-4CA2-A7E5-FE53DB45CB11}.Debug|x86.ActiveCfg = Debug|Any CPU
		{3074D447-A469-4CA2-A7E5-FE53DB45CB11}.Debug|x86.Build.0 = Debug|Any CPU
		{3074D447-A469-4CA2-A7E5-FE53DB45CB11}.Release|Any CPU.ActiveCfg = Release|Any CPU
		{3074D447-A469-4CA2-A7E5-FE53DB45CB11}.Release|Any CPU.Build.0 = Release|Any CPU
		{3074D447-A469-4CA2-A7E5-FE53DB45CB11}.Release|x86.ActiveCfg = Release|Any CPU
		{3074D447-A469-4CA2-A7E5-FE53DB45CB11}.Release|x86.Build.0 = Release|Any CPU
		{2F93393B-9629-470E-B7B8-0D8CFA25315A}.Debug|Any CPU.ActiveCfg = Debug|Any CPU
		{2F93393B-9629-470E-B7B8-0D8CFA25315A}.Debug|Any CPU.Build.0 = Debug|Any CPU
		{2F93393B-9629-470E-B7B8-0D8CFA25315A}.Debug|x86.ActiveCfg = Debug|Any CPU
		{2F93393B-9629-470E-B7B8-0D8CFA25315A}.Debug|x86.Build.0 = Debug|Any CPU
		{2F93393B-9629-470E-B7B8-0D8CFA25315A}.Release|Any CPU.ActiveCfg = Release|Any CPU
		{2F93393B-9629-470E-B7B8-0D8CFA25315A}.Release|Any CPU.Build.0 = Release|Any CPU
		{2F93393B-9629-470E-B7B8-0D8CFA25315A}.Release|x86.ActiveCfg = Release|Any CPU
		{2F93393B-9629-470E-B7B8-0D8CFA25315A}.Release|x86.Build.0 = Release|Any CPU
		{194B58C9-9D2B-4D5E-9256-773FD3222582}.Debug|Any CPU.ActiveCfg = Debug|Any CPU
		{194B58C9-9D2B-4D5E-9256-773FD3222582}.Debug|Any CPU.Build.0 = Debug|Any CPU
		{194B58C9-9D2B-4D5E-9256-773FD3222582}.Debug|x86.ActiveCfg = Debug|Any CPU
		{194B58C9-9D2B-4D5E-9256-773FD3222582}.Debug|x86.Build.0 = Debug|Any CPU
		{194B58C9-9D2B-4D5E-9256-773FD3222582}.Release|Any CPU.ActiveCfg = Release|Any CPU
		{194B58C9-9D2B-4D5E-9256-773FD3222582}.Release|Any CPU.Build.0 = Release|Any CPU
		{194B58C9-9D2B-4D5E-9256-773FD3222582}.Release|x86.ActiveCfg = Release|Any CPU
		{194B58C9-9D2B-4D5E-9256-773FD3222582}.Release|x86.Build.0 = Release|Any CPU
		{DC936D9F-7ED7-4D2B-9A03-881C86E2F6C8}.Debug|Any CPU.ActiveCfg = Debug|Any CPU
		{DC936D9F-7ED7-4D2B-9A03-881C86E2F6C8}.Debug|Any CPU.Build.0 = Debug|Any CPU
		{DC936D9F-7ED7-4D2B-9A03-881C86E2F6C8}.Debug|x86.ActiveCfg = Debug|Any CPU
		{DC936D9F-7ED7-4D2B-9A03-881C86E2F6C8}.Debug|x86.Build.0 = Debug|Any CPU
		{DC936D9F-7ED7-4D2B-9A03-881C86E2F6C8}.Release|Any CPU.ActiveCfg = Release|Any CPU
		{DC936D9F-7ED7-4D2B-9A03-881C86E2F6C8}.Release|Any CPU.Build.0 = Release|Any CPU
		{DC936D9F-7ED7-4D2B-9A03-881C86E2F6C8}.Release|x86.ActiveCfg = Release|Any CPU
		{DC936D9F-7ED7-4D2B-9A03-881C86E2F6C8}.Release|x86.Build.0 = Release|Any CPU
		{DCA7613E-7BC3-4610-A95E-73C0D64C5B98}.Debug|Any CPU.ActiveCfg = Debug|Any CPU
		{DCA7613E-7BC3-4610-A95E-73C0D64C5B98}.Debug|Any CPU.Build.0 = Debug|Any CPU
		{DCA7613E-7BC3-4610-A95E-73C0D64C5B98}.Debug|x86.ActiveCfg = Debug|Any CPU
		{DCA7613E-7BC3-4610-A95E-73C0D64C5B98}.Debug|x86.Build.0 = Debug|Any CPU
		{DCA7613E-7BC3-4610-A95E-73C0D64C5B98}.Release|Any CPU.ActiveCfg = Release|Any CPU
		{DCA7613E-7BC3-4610-A95E-73C0D64C5B98}.Release|Any CPU.Build.0 = Release|Any CPU
		{DCA7613E-7BC3-4610-A95E-73C0D64C5B98}.Release|x86.ActiveCfg = Release|Any CPU
		{DCA7613E-7BC3-4610-A95E-73C0D64C5B98}.Release|x86.Build.0 = Release|Any CPU
		{FF680DE0-9CB7-45F4-BAFA-6EFFAAFD9C09}.Debug|Any CPU.ActiveCfg = Debug|x86
		{FF680DE0-9CB7-45F4-BAFA-6EFFAAFD9C09}.Debug|Any CPU.Build.0 = Debug|x86
		{FF680DE0-9CB7-45F4-BAFA-6EFFAAFD9C09}.Debug|x86.ActiveCfg = Debug|x86
		{FF680DE0-9CB7-45F4-BAFA-6EFFAAFD9C09}.Debug|x86.Build.0 = Debug|x86
		{FF680DE0-9CB7-45F4-BAFA-6EFFAAFD9C09}.Release|Any CPU.ActiveCfg = Release|x86
		{FF680DE0-9CB7-45F4-BAFA-6EFFAAFD9C09}.Release|Any CPU.Build.0 = Release|x86
		{FF680DE0-9CB7-45F4-BAFA-6EFFAAFD9C09}.Release|x86.ActiveCfg = Release|x86
		{FF680DE0-9CB7-45F4-BAFA-6EFFAAFD9C09}.Release|x86.Build.0 = Release|x86
		{ABC71D26-295C-4C6C-B6DE-320AD49EEF79}.Debug|Any CPU.ActiveCfg = Debug|Any CPU
		{ABC71D26-295C-4C6C-B6DE-320AD49EEF79}.Debug|Any CPU.Build.0 = Debug|Any CPU
		{ABC71D26-295C-4C6C-B6DE-320AD49EEF79}.Debug|x86.ActiveCfg = Debug|x86
		{ABC71D26-295C-4C6C-B6DE-320AD49EEF79}.Release|Any CPU.ActiveCfg = Release|Any CPU
		{ABC71D26-295C-4C6C-B6DE-320AD49EEF79}.Release|Any CPU.Build.0 = Release|Any CPU
		{ABC71D26-295C-4C6C-B6DE-320AD49EEF79}.Release|x86.ActiveCfg = Release|x86
		{19C1FEE5-CEC3-442B-99B2-3F3FC955CAB4}.Debug|Any CPU.ActiveCfg = Debug|Any CPU
		{19C1FEE5-CEC3-442B-99B2-3F3FC955CAB4}.Debug|Any CPU.Build.0 = Debug|Any CPU
		{19C1FEE5-CEC3-442B-99B2-3F3FC955CAB4}.Debug|x86.ActiveCfg = Debug|Any CPU
		{19C1FEE5-CEC3-442B-99B2-3F3FC955CAB4}.Release|Any CPU.ActiveCfg = Release|Any CPU
		{19C1FEE5-CEC3-442B-99B2-3F3FC955CAB4}.Release|Any CPU.Build.0 = Release|Any CPU
		{19C1FEE5-CEC3-442B-99B2-3F3FC955CAB4}.Release|x86.ActiveCfg = Release|Any CPU
	EndGlobalSection
	GlobalSection(SolutionProperties) = preSolution
		HideSolutionNode = FALSE
	EndGlobalSection
EndGlobal
